
Microsoft Visual Studio Solution File, Format Version 12.00
# Visual Studio Version 17
VisualStudioVersion = 17.3.32901.215
MinimumVisualStudioVersion = 10.0.40219.1
Project("{9A19103F-16F7-4668-BE54-9A1E7A4F7556}") = "GFDirectTaskSolver", "GFDirectTaskSolver.csproj", "{D3E630E7-B000-4FC2-B135-D03C4CD1F7B1}"
EndProject
Project("{FAE04EC0-301F-11D3-BF4B-00C04F79EFBC}") = "Model", "..\Model\Model.csproj", "{834E340C-4B7B-4F91-BE40-F88727EA2BF7}"
EndProject
Global
	GlobalSection(SolutionConfigurationPlatforms) = preSolution
		Debug|Any CPU = Debug|Any CPU
		Release|Any CPU = Release|Any CPU
	EndGlobalSection
	GlobalSection(ProjectConfigurationPlatforms) = postSolution
		{D3E630E7-B000-4FC2-B135-D03C4CD1F7B1}.Debug|Any CPU.ActiveCfg = Debug|Any CPU
		{D3E630E7-B000-4FC2-B135-D03C4CD1F7B1}.Debug|Any CPU.Build.0 = Debug|Any CPU
		{D3E630E7-B000-4FC2-B135-D03C4CD1F7B1}.Release|Any CPU.ActiveCfg = Release|Any CPU
		{D3E630E7-B000-4FC2-B135-D03C4CD1F7B1}.Release|Any CPU.Build.0 = Release|Any CPU
		{834E340C-4B7B-4F91-BE40-F88727EA2BF7}.Debug|Any CPU.ActiveCfg = Debug|Any CPU
		{834E340C-4B7B-4F91-BE40-F88727EA2BF7}.Debug|Any CPU.Build.0 = Debug|Any CPU
		{834E340C-4B7B-4F91-BE40-F88727EA2BF7}.Release|Any CPU.ActiveCfg = Release|Any CPU
		{834E340C-4B7B-4F91-BE40-F88727EA2BF7}.Release|Any CPU.Build.0 = Release|Any CPU
	EndGlobalSection
	GlobalSection(SolutionProperties) = preSolution
		HideSolutionNode = FALSE
	EndGlobalSection
	GlobalSection(ExtensibilityGlobals) = postSolution
		SolutionGuid = {37D8DE93-E442-4E77-98A1-9C905C09A459}
	EndGlobalSection
EndGlobal
